version = 1
revision = 3
requires-python = "==3.8.*"

[[package]]
name = "cloudpickle"
version = "3.1.2"
source = { registry = "https://pypi.org/simple" }
sdist = { url = "https://files.pythonhosted.org/packages/27/fb/576f067976d320f5f0114a8d9fa1215425441bb35627b1993e5afd8111e5/cloudpickle-3.1.2.tar.gz", hash = "sha256:7fda9eb655c9c230dab534f1983763de5835249750e85fbcef43aaa30a9a2414", size = 22330, upload-time = "2025-11-03T09:25:26.604Z" }
wheels = [
    { url = "https://files.pythonhosted.org/packages/88/39/799be3f2f0f38cc727ee3b4f1445fe6d5e4133064ec2e4115069418a5bb6/cloudpickle-3.1.2-py3-none-any.whl", hash = "sha256:9acb47f6afd73f60dc1df93bb801b472f05ff42fa6c84167d25cb206be1fbf4a", size = 22228, upload-time = "2025-11-03T09:25:25.534Z" },
]

[[package]]
name = "colorama"
version = "0.4.6"
source = { registry = "https://pypi.org/simple" }
sdist = { url = "https://files.pythonhosted.org/packages/d8/53/6f443c9a4a8358a93a6792e2acffb9d9d5cb0a5cfd8802644b7b1c9a02e4/colorama-0.4.6.tar.gz", hash = "sha256:08695f5cb7ed6e0531a20572697297273c47b8cae5a63ffc6d6ed5c201be6e44", size = 27697, upload-time = "2022-10-25T02:36:22.414Z" }
wheels = [
    { url = "https://files.pythonhosted.org/packages/d1/d6/3965ed04c63042e047cb6a3e6ed1a63a35087b6a609aa3a15ed8ac56c221/colorama-0.4.6-py2.py3-none-any.whl", hash = "sha256:4f1d9991f5acc0ca119f9d443620b77f9d6b33703e51011c16baf57afb285fc6", size = 25335, upload-time = "2022-10-25T02:36:20.889Z" },
]

[[package]]
name = "exceptiongroup"
version = "1.3.1"
source = { registry = "https://pypi.org/simple" }
dependencies = [
    { name = "typing-extensions" },
]
sdist = { url = "https://files.pythonhosted.org/packages/50/79/66800aadf48771f6b62f7eb014e352e5d06856655206165d775e675a02c9/exceptiongroup-1.3.1.tar.gz", hash = "sha256:8b412432c6055b0b7d14c310000ae93352ed6754f70fa8f7c34141f91c4e3219", size = 30371, upload-time = "2025-11-21T23:01:54.787Z" }
wheels = [
    { url = "https://files.pythonhosted.org/packages/8a/0e/97c33bf5009bdbac74fd2beace167cab3f978feb69cc36f1ef79360d6c4e/exceptiongroup-1.3.1-py3-none-any.whl", hash = "sha256:a7a39a3bd276781e98394987d3a5701d0c4edffb633bb7a5144577f82c773598", size = 16740, upload-time = "2025-11-21T23:01:53.443Z" },
]

[[package]]
name = "farama-notifications"
version = "0.0.6"
source = { registry = "https://pypi.org/simple" }
sdist = { url = "https://files.pythonhosted.org/packages/ec/91/14397890dde30adc4bee6462158933806207bc5dd10d7b4d09d5c33845cf/farama_notifications-0.0.6.tar.gz", hash = "sha256:b19acac4bb41d76e59e03394b5dd165f4761c86fa327f56307a35cbee3b60158", size = 2517, upload-time = "2026-04-24T08:43:57.603Z" }
wheels = [
    { url = "https://files.pythonhosted.org/packages/7c/f0/21f81892e4ed10f4ec3ef2e7cf8635fb76e7c0907c55d0da66be50094760/farama_notifications-0.0.6-py3-none-any.whl", hash = "sha256:f84839188efa1ce5bb361c2a84881b2dc2c0d0d7fb661ff00421820170930935", size = 2897, upload-time = "2026-04-24T08:43:56.785Z" },
]

[[package]]
name = "getting-over-it-env"
version = "0.1.0"
source = { editable = "." }
dependencies = [
    { name = "grpcio" },
    { name = "gymnasium" },
    { name = "mlagents-envs" },
    { name = "numpy" },
    { name = "protobuf" },
]

[package.dev-dependencies]
dev = [
    { name = "pytest" },
]

[package.metadata]
requires-dist = [
    { name = "grpcio", specifier = "==1.53.2" },
    { name = "gymnasium", specifier = "==0.28.1" },
    { name = "mlagents-envs", specifier = "==0.26.0" },
    { name = "numpy", specifier = "==1.23.5" },
    { name = "protobuf", specifier = "==3.20.3" },
]

[package.metadata.requires-dev]
dev = [{ name = "pytest", specifier = "==8.3.5" }]

[[package]]
name = "grpcio"
version = "1.53.2"
source = { registry = "https://pypi.org/simple" }
sdist = { url = "https://files.pythonhosted.org/packages/13/a8/c224a9d9ae0a9a0866ec37d9951b4407c3df3343a6c0352554e5add9152a/grpcio-1.53.2.tar.gz", hash = "sha256:0c9e42f2499c8603af1d88771dc97e2c6b0310c278337058fd7fd1ddb35ab853", size = 22422194, upload-time = "2023-08-02T16:55:27.288Z" }
wheels = [
    { url = "https://files.pythonhosted.org/packages/13/b9/072790ace42e9c8d0f7ed8cc56a33c11ed362e23dc8c73eb5ad2ca028aa4/grpcio-1.53.2-cp38-cp38-linux_armv7l.whl", hash = "sha256:f9f7c0dd17f24e1774cc3a8df738246772994e853c28b28ed6ba7711ccf0abb4", size = 88614000, upload-time = "2023-08-02T16:52:18.918Z" },
    { url = "https://files.pythonhosted.org/packages/37/ae/791921c114f2a8cebe3ded45938d7e161305b18d1247690b2a8d6196d316/grpcio-1.53.2-cp38-cp38-macosx_10_10_universal2.whl", hash = "sha256:f14a82d12d53eb93298c35edf88d8c3ef37243b95f94dd3c75fddcba575d34ab", size = 8512860, upload-time = "2023-08-02T16:52:23.467Z" },
    { url = "https://files.pythonhosted.org/packages/ac/42/e18ddb6aac03d9d6c2a478c23642f792c0c0ca76c91d443f47d549c407de/grpcio-1.53.2-cp38-cp38-manylinux_2_17_aarch64.whl", hash = "sha256:1deeb84bb344351434f999cea4704ac6f1e07b3d861e34c44b50d8afa06caaa1", size = 4342607, upload-time = "2023-08-02T16:52:27.531Z" },
    { url = "https://files.pythonhosted.org/packages/e9/f6/ce087e6204f977a6435504c6e3d2e0aae899986d20da8ec6dae2413b1f7e/grpcio-1.53.2-cp38-cp38-manylinux_2_17_i686.manylinux2014_i686.whl", hash = "sha256:7cbf1e3aaec3edf734ef90182363a395d234cd4790544be914cedbe1b9fec99a", size = 5246896, upload-time = "2023-08-02T16:52:30.702Z" },
    { url = "https://files.pythonhosted.org/packages/52/57/85a0055321a205530ca873e237508092ddcee9b59cd68e820283cb17f0f2/grpcio-1.53.2-cp38-cp38-manylinux_2_17_x86_64.manylinux2014_x86_64.whl", hash = "sha256:7ea235cecb9df14b49a75cbd27a634683a96bb76576363407ec820ae454ce2b2", size = 4979390, upload-time = "2023-08-02T16:52:33.878Z" },
    { url = "https://files.pythonhosted.org/packages/56/19/16a81e3dddaa89fdd2c0589b1b6f2ec698e770fc8aa04fc794abcb90712e/grpcio-1.53.2-cp38-cp38-musllinux_1_1_i686.whl", hash = "sha256:1df931fbb4c36363d2cb985c2c26fda8f060b541a89c6c1191fdb59151a8c934", size = 5469643, upload-time = "2023-08-02T16:52:36.416Z" },
    { url = "https://files.pythonhosted.org/packages/94/e5/5f070c27e7851a97dd0aebdd8791ddb8273269aefc2e9a94b9856cdcfd33/grpcio-1.53.2-cp38-cp38-musllinux_1_1_x86_64.whl", hash = "sha256:7734d1b91f1f3b1f186debf8ec4d168ee088a54e8186c14d89a95f7e51d3198d", size = 5199138, upload-time = "2023-08-02T16:52:39.133Z" },
    { url = "https://files.pythonhosted.org/packages/77/ca/04102d5ea1ac86948137e3161e701f31cb31e67f34d8f1cef37802e90e2a/grpcio-1.53.2-cp38-cp38-win32.whl", hash = "sha256:b16258a31269b97e26a08d71b5deb56499e86077d26e453fad8f6ec4c06fe666", size = 3333206, upload-time = "2023-08-02T16:52:42.174Z" },
    { url = "https://files.pythonhosted.org/packages/0e/84/5dee051586b07acd0384550c7b67842900bcba97295d58ecde23df49c2db/grpcio-1.53.2-cp38-cp38-win_amd64.whl", hash = "sha256:b676c4365a5753bc8c49f922a5f88bdb5df6746c670a9d859d2ba2f5f97d9269", size = 3973310, upload-time = "2023-08-02T16:52:44.666Z" },
]

[[package]]
name = "gymnasium"
version = "0.28.1"
source = { registry = "https://pypi.org/simple" }
dependencies = [
    { name = "cloudpickle" },
    { name = "farama-notifications" },
    { name = "importlib-metadata" },
    { name = "jax-jumpy" },
    { name = "numpy" },
    { name = "typing-extensions" },
]
sdist = { url = "https://files.pythonhosted.org/packages/58/6a/c304954dc009648a21db245a8f56f63c8da8a025d446dd0fd67319726003/gymnasium-0.28.1.tar.gz", hash = "sha256:4c2c745808792c8f45c6e88ad0a5504774394e0c126f6e3db555e720d3da6f24", size = 796462, upload-time = "2023-03-25T12:02:00.613Z" }
wheels = [
    { url = "https://files.pythonhosted.org/packages/60/82/3762ef4555791a729ae554e13c011efe5e8347d7eba9ea5ed245a8d1b234/gymnasium-0.28.1-py3-none-any.whl", hash = "sha256:7bc9a5bce1022f997d1dbc152fc91d1ac977bad9cc7794cdc25437010867cabf", size = 925534, upload-time = "2023-03-25T12:01:58.35Z" },
]

[[package]]
name = "importlib-metadata"
version = "8.5.0"
source = { registry = "https://pypi.org/simple" }
dependencies = [
    { name = "zipp" },
]
sdist = { url = "https://files.pythonhosted.org/packages/cd/12/33e59336dca5be0c398a7482335911a33aa0e20776128f038019f1a95f1b/importlib_metadata-8.5.0.tar.gz", hash = "sha256:71522656f0abace1d072b9e5481a48f07c138e00f079c38c8f883823f9c26bd7", size = 55304, upload-time = "2024-09-11T14:56:08.937Z" }
wheels = [
    { url = "https://files.pythonhosted.org/packages/a0/d9/a1e041c5e7caa9a05c925f4bdbdfb7f006d1f74996af53467bc394c97be7/importlib_metadata-8.5.0-py3-none-any.whl", hash = "sha256:45e54197d28b7a7f1559e60b95e7c567032b602131fbd588f1497f47880aa68b", size = 26514, upload-time = "2024-09-11T14:56:07.019Z" },
]

[[package]]
name = "iniconfig"
version = "2.1.0"
source = { registry = "https://pypi.org/simple" }
sdist = { url = "https://files.pythonhosted.org/packages/f2/97/ebf4da567aa6827c909642694d71c9fcf53e5b504f2d96afea02718862f3/iniconfig-2.1.0.tar.gz", hash = "sha256:3abbd2e30b36733fee78f9c7f7308f2d0050e88f0087fd25c2645f63c773e1c7", size = 4793, upload-time = "2025-03-19T20:09:59.721Z" }
wheels = [
    { url = "https://files.pythonhosted.org/packages/2c/e1/e6716421ea10d38022b952c159d5161ca1193197fb744506875fbb87ea7b/iniconfig-2.1.0-py3-none-any.whl", hash = "sha256:9deba5723312380e77435581c6bf4935c94cbfab9b1ed33ef8d238ea168eb760", size = 6050, upload-time = "2025-03-19T20:10:01.071Z" },
]

[[package]]
name = "jax-jumpy"
version = "1.0.0"
source = { registry = "https://pypi.org/simple" }
dependencies = [
    { name = "numpy" },
]
sdist = { url = "https://files.pythonhosted.org/packages/52/6a/b6affff68f172a4c8316d9ab9b7d952e865df15b854f158690991864e0fe/jax-jumpy-1.0.0.tar.gz", hash = "sha256:195fb955cc4c2b7f0b1453e3cb1fb1c414a51a407ffac7a51e69a73cb30d59ad", size = 19417, upload-time = "2023-03-17T16:52:56.598Z" }
wheels = [
    { url = "https://files.pythonhosted.org/packages/73/23/338caee543d80584916da20f018aeb017764509d964fd347b97f41f97baa/jax_jumpy-1.0.0-py3-none-any.whl", hash = "sha256:ab7e01454bba462de3c4d098e3e585c302a8f06bc36d9182ab4e7e4aa7067c5e", size = 20368, upload-time = "2023-03-17T16:52:55.437Z" },
]

[[package]]
name = "mlagents-envs"
version = "0.26.0"
source = { registry = "https://pypi.org/simple" }
dependencies = [
    { name = "cloudpickle" },
    { name = "grpcio" },
    { name = "numpy" },
    { name = "pillow" },
    { name = "protobuf" },
    { name = "pyyaml" },
]
sdist = { url = "https://files.pythonhosted.org/packages/8b/cf/68f803f50fa73dfd4a32554529bb887549d61239bcb4f8d52c853d815b10/mlagents_envs-0.26.0.tar.gz", hash = "sha256:eca1a4d914e568b859b2c910e7d78716629240cfcf75119c8ebd18716a32a285", size = 45485, upload-time = "2021-04-27T15:54:53.894Z" }
wheels = [
    { url = "https://files.pythonhosted.org/packages/7a/d2/c522da0a51ae7081770df24426d40380aae47d5b976fddb06518958be833/mlagents_envs-0.26.0-py3-none-any.whl", hash = "sha256:043e993eb8b6f70652e841ffb0fdc98a3a9fb9ad05b2c8e356165943d1e0b359", size = 75868, upload-time = "2021-04-27T15:54:52.887Z" },
]

[[package]]
name = "numpy"
version = "1.23.5"
source = { registry = "https://pypi.org/simple" }
sdist = { url = "https://files.pythonhosted.org/packages/42/38/775b43da55fa7473015eddc9a819571517d9a271a9f8134f68fb9be2f212/numpy-1.23.5.tar.gz", hash = "sha256:1b1766d6f397c18153d40015ddfc79ddb715cabadc04d2d228d4e5a8bc4ded1a", size = 10731755, upload-time = "2022-11-20T01:31:41.068Z" }
wheels = [
    { url = "https://files.pythonhosted.org/packages/d2/55/b9b4bfb9d1d828d7d3192c4059e7b4a7d755ba2e1618089af4be77c152d1/numpy-1.23.5-cp38-cp38-macosx_10_9_x86_64.whl", hash = "sha256:f063b69b090c9d918f9df0a12116029e274daf0181df392839661c4c7ec9018a", size = 18092253, upload-time = "2022-11-20T01:25:54.016Z" },
    { url = "https://files.pythonhosted.org/packages/63/d4/3f0d610a2006434f2b7b2e0c80291368d59b0a03bb3e1911fdb9476232d4/numpy-1.23.5-cp38-cp38-macosx_11_0_arm64.whl", hash = "sha256:0aaee12d8883552fadfc41e96b4c82ee7d794949e2a7c3b3a7201e968c7ecab9", size = 13325345, upload-time = "2022-11-20T01:26:14.346Z" },
    { url = "https://files.pythonhosted.org/packages/bf/d1/1017fe3f5d65c4fe054a793f18f940d913868bb2846a02d3f6244a829a30/numpy-1.23.5-cp38-cp38-manylinux_2_17_aarch64.manylinux2014_aarch64.whl", hash = "sha256:92c8c1e89a1f5028a4c6d9e3ccbe311b6ba53694811269b992c0b224269e2398", size = 13987596, upload-time = "2022-11-20T01:26:35.621Z" },
    { url = "https://files.pythonhosted.org/packages/c6/4f/63f6f16d3f44a764a3b66c6233e133baf912e198a93e14c39ee991f587d0/numpy-1.23.5-cp38-cp38-manylinux_2_17_x86_64.manylinux2014_x86_64.whl", hash = "sha256:d208a0f8729f3fb790ed18a003f3a57895b989b40ea4dce4717e9cf4af62c6bb", size = 17091210, upload-time = "2022-11-20T01:27:01.067Z" },
    { url = "https://files.pythonhosted.org/packages/b9/0e/10ab011eaebeed29d28ad710d0a3ab2654c06a2800e178e8f2f3a5947ad4/numpy-1.23.5-cp38-cp38-win32.whl", hash = "sha256:06005a2ef6014e9956c09ba07654f9837d9e26696a0470e42beedadb78c11b07", size = 12223450, upload-time = "2022-11-20T01:27:19.599Z" },
    { url = "https://files.pythonhosted.org/packages/4c/42/6274f92514fbefcb1caa66d56d82ac7ac89f7652c0cef1e159a4b79e09f1/numpy-1.23.5-cp38-cp38-win_amd64.whl", hash = "sha256:ca51fcfcc5f9354c45f400059e88bc09215fb71a48d3768fb80e357f3b457e1e", size = 14672878, upload-time = "2022-11-20T01:27:41.958Z" },
    { url = "https://files.pythonhosted.org/packages/25/7b/3b587a62aa54ad7ecf90eabfc77cf78e96d3df1d0e8c31fc534ad3ca6e17/numpy-1.23.5-pp38-pypy38_pp73-macosx_10_9_x86_64.whl", hash = "sha256:abdde9f795cf292fb9651ed48185503a2ff29be87770c3b8e2a14b0cd7aa16f8", size = 17527821, upload-time = "2022-11-20T01:30:23.274Z" },
    { url = "https://files.pythonhosted.org/packages/0f/3d/25e99f2191cce5029310c41cf9a34b5107d4475477bbce2f6d2e68c1c93b/numpy-1.23.5-pp38-pypy38_pp73-manylinux_2_17_x86_64.manylinux2014_x86_64.whl", hash = "sha256:f9a909a8bae284d46bbfdefbdd4a262ba19d3bc9921b1e76126b1d21c3c34135", size = 16473100, upload-time = "2022-11-20T01:30:49.209Z" },
    { url = "https://files.pythonhosted.org/packages/3f/ce/04d7772671d8d3a14e426d7560047821c4e2d29ee2b5cfa252601412083b/numpy-1.23.5-pp38-pypy38_pp73-win_amd64.whl", hash = "sha256:01dd17cbb340bf0fc23981e52e1d18a9d4050792e8fb8363cecbf066a84b827d", size = 14530083, upload-time = "2022-11-20T01:31:11.377Z" },
]

[[package]]
name = "packaging"
version = "26.2"
source = { registry = "https://pypi.org/simple" }
sdist = { url = "https://files.pythonhosted.org/packages/d7/f1/e7a6dd94a8d4a5626c03e4e99c87f241ba9e350cd9e6d75123f992427270/packaging-26.2.tar.gz", hash = "sha256:ff452ff5a3e828ce110190feff1178bb1f2ea2281fa2075aadb987c2fb221661", size = 228134, upload-time = "2026-04-24T20:15:23.917Z" }
wheels = [
    { url = "https://files.pythonhosted.org/packages/df/b2/87e62e8c3e2f4b32e5fe99e0b86d576da1312593b39f47d8ceef365e95ed/packaging-26.2-py3-none-any.whl", hash = "sha256:5fc45236b9446107ff2415ce77c807cee2862cb6fac22b8a73826d0693b0980e", size = 100195, upload-time = "2026-04-24T20:15:22.081Z" },
]

[[package]]
name = "pillow"
version = "10.4.0"
source = { registry = "https://pypi.org/simple" }
sdist = { url = "https://files.pythonhosted.org/packages/cd/74/ad3d526f3bf7b6d3f408b73fde271ec69dfac8b81341a318ce825f2b3812/pillow-10.4.0.tar.gz", hash = "sha256:166c1cd4d24309b30d61f79f4a9114b7b2313d7450912277855ff5dfd7cd4a06", size = 46555059, upload-time = "2024-07-01T09:48:43.583Z" }
wheels = [
    { url = "https://files.pythonhosted.org/packages/56/70/f40009702a477ce87d8d9faaa4de51d6562b3445d7a314accd06e4ffb01d/pillow-10.4.0-cp38-cp38-macosx_10_10_x86_64.whl", hash = "sha256:8d4d5063501b6dd4024b8ac2f04962d661222d120381272deea52e3fc52d3736", size = 3509213, upload-time = "2024-07-01T09:47:11.662Z" },
    { url = "https://files.pythonhosted.org/packages/10/43/105823d233c5e5d31cea13428f4474ded9d961652307800979a59d6a4276/pillow-10.4.0-cp38-cp38-macosx_11_0_arm64.whl", hash = "sha256:7c1ee6f42250df403c5f103cbd2768a28fe1a0ea1f0f03fe151c8741e1469c8b", size = 3375883, upload-time = "2024-07-01T09:47:14.453Z" },
    { url = "https://files.pythonhosted.org/packages/3c/ad/7850c10bac468a20c918f6a5dbba9ecd106ea1cdc5db3c35e33a60570408/pillow-10.4.0-cp38-cp38-manylinux_2_17_aarch64.manylinux2014_aarch64.whl", hash = "sha256:b15e02e9bb4c21e39876698abf233c8c579127986f8207200bc8a8f6bb27acf2", size = 4330810, upload-time = "2024-07-01T09:47:16.695Z" },
    { url = "https://files.pythonhosted.org/packages/84/4c/69bbed9e436ac22f9ed193a2b64f64d68fcfbc9f4106249dc7ed4889907b/pillow-10.4.0-cp38-cp38-manylinux_2_17_x86_64.manylinux2014_x86_64.whl", hash = "sha256:7a8d4bade9952ea9a77d0c3e49cbd8b2890a399422258a77f357b9cc9be8d680", size = 4444341, upload-time = "2024-07-01T09:47:19.334Z" },
    { url = "https://files.pythonhosted.org/packages/8f/4f/c183c63828a3f37bf09644ce94cbf72d4929b033b109160a5379c2885932/pillow-10.4.0-cp38-cp38-manylinux_2_28_aarch64.whl", hash = "sha256:43efea75eb06b95d1631cb784aa40156177bf9dd5b4b03ff38979e048258bc6b", size = 4356005, upload-time = "2024-07-01T09:47:21.805Z" },
    { url = "https://files.pythonhosted.org/packages/fb/ad/435fe29865f98a8fbdc64add8875a6e4f8c97749a93577a8919ec6f32c64/pillow-10.4.0-cp38-cp38-manylinux_2_28_x86_64.whl", hash = "sha256:950be4d8ba92aca4b2bb0741285a46bfae3ca699ef913ec8416c1b78eadd64cd", size = 4525201, upload-time = "2024-07-01T09:47:24.457Z" },
    { url = "https://files.pythonhosted.org/packages/80/74/be8bf8acdfd70e91f905a12ae13cfb2e17c0f1da745c40141e26d0971ff5/pillow-10.4.0-cp38-cp38-musllinux_1_2_aarch64.whl", hash = "sha256:d7480af14364494365e89d6fddc510a13e5a2c3584cb19ef65415ca57252fb84", size = 4460635, upload-time = "2024-07-01T09:47:26.841Z" },
    { url = "https://files.pythonhosted.org/packages/e4/90/763616e66dc9ad59c9b7fb58f863755e7934ef122e52349f62c7742b82d3/pillow-10.4.0-cp38-cp38-musllinux_1_2_x86_64.whl", hash = "sha256:73664fe514b34c8f02452ffb73b7a92c6774e39a647087f83d67f010eb9a0cf0", size = 4590283, upload-time = "2024-07-01T09:47:29.247Z" },
    { url = "https://files.pythonhosted.org/packages/69/66/03002cb5b2c27bb519cba63b9f9aa3709c6f7a5d3b285406c01f03fb77e5/pillow-10.4.0-cp38-cp38-win32.whl", hash = "sha256:e88d5e6ad0d026fba7bdab8c3f225a69f063f116462c49892b0149e21b6c0a0e", size = 2235185, upload-time = "2024-07-01T09:47:32.205Z" },
    { url = "https://files.pythonhosted.org/packages/f2/75/3cb820b2812405fc7feb3d0deb701ef0c3de93dc02597115e00704591bc9/pillow-10.4.0-cp38-cp38-win_amd64.whl", hash = "sha256:5161eef006d335e46895297f642341111945e2c1c899eb406882a6c61a4357ab", size = 2554594, upload-time = "2024-07-01T09:47:34.285Z" },
]

[[package]]
name = "pluggy"
version = "1.5.0"
source = { registry = "https://pypi.org/simple" }
sdist = { url = "https://files.pythonhosted.org/packages/96/2d/02d4312c973c6050a18b314a5ad0b3210edb65a906f868e31c111dede4a6/pluggy-1.5.0.tar.gz", hash = "sha256:2cffa88e94fdc978c4c574f15f9e59b7f4201d439195c3715ca9e2486f1d0cf1", size = 67955, upload-time = "2024-04-20T21:34:42.531Z" }
wheels = [
    { url = "https://files.pythonhosted.org/packages/88/5f/e351af9a41f866ac3f1fac4ca0613908d9a41741cfcf2228f4ad853b697d/pluggy-1.5.0-py3-none-any.whl", hash = "sha256:44e1ad92c8ca002de6377e165f3e0f1be63266ab4d554740532335b9d75ea669", size = 20556, upload-time = "2024-04-20T21:34:40.434Z" },
]

[[package]]
name = "protobuf"
version = "3.20.3"
source = { registry = "https://pypi.org/simple" }
sdist = { url = "https://files.pythonhosted.org/packages/55/5b/e3d951e34f8356e5feecacd12a8e3b258a1da6d9a03ad1770f28925f29bc/protobuf-3.20.3.tar.gz", hash = "sha256:2e3427429c9cffebf259491be0af70189607f365c2f41c7c3764af6f337105f2", size = 216768, upload-time = "2022-09-29T22:39:47.592Z" }
wheels = [
    { url = "https://files.pythonhosted.org/packages/9f/1a/6848ed1669a6c70bf947d25d64ce6dcc65ccec06e917072df516944fa17e/protobuf-3.20.3-cp38-cp38-macosx_10_9_x86_64.whl", hash = "sha256:de78575669dddf6099a8a0f46a27e82a1783c557ccc38ee620ed8cc96d3be7d7", size = 982917, upload-time = "2022-09-29T22:11:12.347Z" },
    { url = "https://files.pythonhosted.org/packages/b5/b6/ec87636b9381137f17292851461902ceac7632a00476c2afbcd864ed5447/protobuf-3.20.3-cp38-cp38-manylinux2014_aarch64.whl", hash = "sha256:f4c42102bc82a51108e449cbb32b19b180022941c727bac0cfd50170341f16ee", size = 918639, upload-time = "2022-09-29T22:11:14.326Z" },
    { url = "https://files.pythonhosted.org/packages/da/e4/4d62585593e9f962cb02614534f62f930de6a80a0a3784282094a01919b2/protobuf-3.20.3-cp38-cp38-manylinux_2_5_x86_64.manylinux1_x86_64.whl", hash = "sha256:44246bab5dd4b7fbd3c0c80b6f16686808fab0e4aca819ade6e8d294a29c7050", size = 1019323, upload-time = "2022-09-29T22:11:16.254Z" },
    { url = "https://files.pythonhosted.org/packages/3c/14/16ef7da61d30a519d84e6841d096fe446c4d8a2c39b083b0376b4785f1f3/protobuf-3.20.3-cp38-cp38-win32.whl", hash = "sha256:c02ce36ec760252242a33967d51c289fd0e1c0e6e5cc9397e2279177716add86", size = 780325, upload-time = "2022-09-29T22:11:17.83Z" },
    { url = "https://files.pythonhosted.org/packages/32/f8/52f598bceb16fe365f4ef8e957ac8890aeb56abf97d365ff5abd8c1250cf/protobuf-3.20.3-cp38-cp38-win_amd64.whl", hash = "sha256:447d43819997825d4e71bf5769d869b968ce96848b6479397e29fc24c4a5dfe9", size = 904419, upload-time = "2022-09-29T22:11:19.324Z" },
    { url = "https://files.pythonhosted.org/packages/8d/14/619e24a4c70df2901e1f4dbc50a6291eb63a759172558df326347dce1f0d/protobuf-3.20.3-py2.py3-none-any.whl", hash = "sha256:a7ca6d488aa8ff7f329d4c545b2dbad8ac31464f1d8b1c87ad1346717731e4db", size = 162128, upload-time = "2022-09-29T22:39:44.547Z" },
]

[[package]]
name = "pytest"
version = "8.3.5"
source = { registry = "https://pypi.org/simple" }
dependencies = [
    { name = "colorama", marker = "sys_platform == 'win32'" },
    { name = "exceptiongroup" },
    { name = "iniconfig" },
    { name = "packaging" },
    { name = "pluggy" },
    { name = "tomli" },
]
sdist = { url = "https://files.pythonhosted.org/packages/ae/3c/c9d525a414d506893f0cd8a8d0de7706446213181570cdbd766691164e40/pytest-8.3.5.tar.gz", hash = "sha256:f4efe70cc14e511565ac476b57c279e12a855b11f48f212af1080ef2263d3845", size = 1450891, upload-time = "2025-03-02T12:54:54.503Z" }
wheels = [
    { url = "https://files.pythonhosted.org/packages/30/3d/64ad57c803f1fa1e963a7946b6e0fea4a70df53c1a7fed304586539c2bac/pytest-8.3.5-py3-none-any.whl", hash = "sha256:c69214aa47deac29fad6c2a4f590b9c4a9fdb16a403176fe154b79c0b4d4d820", size = 343634, upload-time = "2025-03-02T12:54:52.069Z" },
]

[[package]]
name = "pyyaml"
version = "6.0.3"
source = { registry = "https://pypi.org/simple" }
sdist = { url = "https://files.pythonhosted.org/packages/05/8e/961c0007c59b8dd7729d542c61a4d537767a59645b82a0b521206e1e25c2/pyyaml-6.0.3.tar.gz", hash = "sha256:d76623373421df22fb4cf8817020cbb7ef15c725b9d5e45f17e189bfc384190f", size = 130960, upload-time = "2025-09-25T21:33:16.546Z" }
wheels = [
    { url = "https://files.pythonhosted.org/packages/0d/a2/09f67a3589cb4320fb5ce90d3fd4c9752636b8b6ad8f34b54d76c5a54693/PyYAML-6.0.3-cp38-cp38-macosx_10_13_x86_64.whl", hash = "sha256:c2514fceb77bc5e7a2f7adfaa1feb2fb311607c9cb518dbc378688ec73d8292f", size = 186824, upload-time = "2025-09-29T20:27:35.918Z" },
    { url = "https://files.pythonhosted.org/packages/02/72/d972384252432d57f248767556ac083793292a4adf4e2d85dfe785ec2659/PyYAML-6.0.3-cp38-cp38-manylinux2014_aarch64.manylinux_2_17_aarch64.manylinux_2_28_aarch64.whl", hash = "sha256:9c57bb8c96f6d1808c030b1687b9b5fb476abaa47f0db9c0101f5e9f394e97f4", size = 795069, upload-time = "2025-09-29T20:27:38.15Z" },
    { url = "https://files.pythonhosted.org/packages/a7/3b/6c58ac0fa7c4e1b35e48024eb03d00817438310447f93ef4431673c24138/PyYAML-6.0.3-cp38-cp38-manylinux2014_s390x.manylinux_2_17_s390x.manylinux_2_28_s390x.whl", hash = "sha256:efd7b85f94a6f21e4932043973a7ba2613b059c4a000551892ac9f1d11f5baf3", size = 862585, upload-time = "2025-09-29T20:27:39.715Z" },
    { url = "https://files.pythonhosted.org/packages/25/a2/b725b61ac76a75583ae7104b3209f75ea44b13cfd026aa535ece22b7f22e/PyYAML-6.0.3-cp38-cp38-manylinux2014_x86_64.manylinux_2_17_x86_64.manylinux_2_28_x86_64.whl", hash = "sha256:22ba7cfcad58ef3ecddc7ed1db3409af68d023b7f940da23c6c2a1890976eda6", size = 806018, upload-time = "2025-09-29T20:27:41.444Z" },
    { url = "https://files.pythonhosted.org/packages/6f/b0/b2227677b2d1036d84f5ee95eb948e7af53d59fe3e4328784e4d290607e0/PyYAML-6.0.3-cp38-cp38-musllinux_1_2_x86_64.whl", hash = "sha256:6344df0d5755a2c9a276d4473ae6b90647e216ab4757f8426893b5dd2ac3f369", size = 802822, upload-time = "2025-09-29T20:27:42.885Z" },
    { url = "https://files.pythonhosted.org/packages/99/a5/718a8ea22521e06ef19f91945766a892c5ceb1855df6adbde67d997ea7ed/PyYAML-6.0.3-cp38-cp38-win32.whl", hash = "sha256:3ff07ec89bae51176c0549bc4c63aa6202991da2d9a6129d7aef7f1407d3f295", size = 143744, upload-time = "2025-09-29T20:27:44.487Z" },
    { url = "https://files.pythonhosted.org/packages/76/b2/2b69cee94c9eb215216fc05778675c393e3aa541131dc910df8e52c83776/PyYAML-6.0.3-cp38-cp38-win_amd64.whl", hash = "sha256:5cf4e27da7e3fbed4d6c3d8e797387aaad68102272f8f9752883bc32d61cb87b", size = 160082, upload-time = "2025-09-29T20:27:46.049Z" },
]

[[package]]
name = "tomli"
version = "2.4.1"
source = { registry = "https://pypi.org/simple" }
sdist = { url = "https://files.pythonhosted.org/packages/22/de/48c59722572767841493b26183a0d1cc411d54fd759c5607c4590b6563a6/tomli-2.4.1.tar.gz", hash = "sha256:7c7e1a961a0b2f2472c1ac5b69affa0ae1132c39adcb67aba98568702b9cc23f", size = 17543, upload-time = "2026-03-25T20:22:03.828Z" }
wheels = [
    { url = "https://files.pythonhosted.org/packages/7b/61/cceae43728b7de99d9b847560c262873a1f6c98202171fd5ed62640b494b/tomli-2.4.1-py3-none-any.whl", hash = "sha256:0d85819802132122da43cb86656f8d1f8c6587d54ae7dcaf30e90533028b49fe", size = 14583, upload-time = "2026-03-25T20:22:03.012Z" },
]

[[package]]
name = "typing-extensions"
version = "4.13.2"
source = { registry = "https://pypi.org/simple" }
sdist = { url = "https://files.pythonhosted.org/packages/f6/37/23083fcd6e35492953e8d2aaaa68b860eb422b34627b13f2ce3eb6106061/typing_extensions-4.13.2.tar.gz", hash = "sha256:e6c81219bd689f51865d9e372991c540bda33a0379d5573cddb9a3a23f7caaef", size = 106967, upload-time = "2025-04-10T14:19:05.416Z" }
wheels = [
    { url = "https://files.pythonhosted.org/packages/8b/54/b1ae86c0973cc6f0210b53d508ca3641fb6d0c56823f288d108bc7ab3cc8/typing_extensions-4.13.2-py3-none-any.whl", hash = "sha256:a439e7c04b49fec3e5d3e2beaa21755cadbbdc391694e28ccdd36ca4a1408f8c", size = 45806, upload-time = "2025-04-10T14:19:03.967Z" },
]

[[package]]
name = "zipp"
version = "3.20.2"
source = { registry = "https://pypi.org/simple" }
sdist = { url = "https://files.pythonhosted.org/packages/54/bf/5c0000c44ebc80123ecbdddba1f5dcd94a5ada602a9c225d84b5aaa55e86/zipp-3.20.2.tar.gz", hash = "sha256:bc9eb26f4506fda01b81bcde0ca78103b6e62f991b381fec825435c836edbc29", size = 24199, upload-time = "2024-09-13T13:44:16.101Z" }
wheels = [
    { url = "https://files.pythonhosted.org/packages/62/8b/5ba542fa83c90e09eac972fc9baca7a88e7e7ca4b221a89251954019308b/zipp-3.20.2-py3-none-any.whl", hash = "sha256:a817ac80d6cf4b23bf7f2828b7cabf326f15a001bea8b1f9b49631780ba28350", size = 9200, upload-time = "2024-09-13T13:44:14.38Z" },
]
